
Microsoft Visual Studio Solution File, Format Version 12.00
# Visual Studio Version 17
VisualStudioVersion = 17.0.32126.317
MinimumVisualStudioVersion = 10.0.40219.1
Project("{8BC9CEB8-8B4A-11D0-8D11-00A0C91BC942}") = "Indifference", "NewSFMLtest\NewSFMLtest.vcxproj", "{B8CCF0AB-4F4A-485E-88A8-0420A9B626DD}"
EndProject
Global
	GlobalSection(SolutionConfigurationPlatforms) = preSolution
		Debug|x64 = Debug|x64
		Debug|x86 = Debug|x86
		Release|x64 = Release|x64
		Release|x86 = Release|x86
	EndGlobalSection
	GlobalSection(ProjectConfigurationPlatforms) = postSolution
		{B8CCF0AB-4F4A-485E-88A8-0420A9B626DD}.Debug|x64.ActiveCfg = Debug|x64
		{B8CCF0AB-4F4A-485E-88A8-0420A9B626DD}.Debug|x64.Build.0 = Debug|x64
		{B8CCF0AB-4F4A-485E-88A8-0420A9B626DD}.Debug|x86.ActiveCfg = Debug|Win32
		{B8CCF0AB-4F4A-485E-88A8-0420A9B626DD}.Debug|x86.Build.0 = Debug|Win32
		{B8CCF0AB-4F4A-485E-88A8-0420A9B626DD}.Release|x64.ActiveCfg = Release|x64
		{B8CCF0AB-4F4A-485E-88A8-0420A9B626DD}.Release|x64.Build.0 = Release|x64
		{B8CCF0AB-4F4A-485E-88A8-0420A9B626DD}.Release|x86.ActiveCfg = Release|Win32
		{B8CCF0AB-4F4A-485E-88A8-0420A9B626DD}.Release|x86.Build.0 = Release|Win32
	EndGlobalSection
	GlobalSection(SolutionProperties) = preSolution
		HideSolutionNode = FALSE
	EndGlobalSection
	GlobalSection(ExtensibilityGlobals) = postSolution
		SolutionGuid = {F05C355C-6604-4DAF-918D-2097FB76742C}
	EndGlobalSection
EndGlobal
